// !$*UTF8*$!
{
	archiveVersion = 1;
	classes = {
	};
	objectVersion = 46;
	objects = {

/* Begin PBXBuildFile section */
		87C9D95D1BEC4B9A00A105B2 /* AppDelegate.swift in Sources */ = {isa = PBXBuildFile; fileRef = 87C9D95C1BEC4B9A00A105B2 /* AppDelegate.swift */; };
		87C9D95F1BEC4B9A00A105B2 /* ViewController.swift in Sources */ = {isa = PBXBuildFile; fileRef = 87C9D95E1BEC4B9A00A105B2 /* ViewController.swift */; };
		87C9D9621BEC4B9A00A105B2 /* Main.storyboard in Resources */ = {isa = PBXBuildFile; fileRef = 87C9D9601BEC4B9A00A105B2 /* Main.storyboard */; };
		87C9D9641BEC4B9A00A105B2 /* Assets.xcassets in Resources */ = {isa = PBXBuildFile; fileRef = 87C9D9631BEC4B9A00A105B2 /* Assets.xcassets */; };
		87C9D9671BEC4B9A00A105B2 /* LaunchScreen.storyboard in Resources */ = {isa = PBXBuildFile; fileRef = 87C9D9651BEC4B9A00A105B2 /* LaunchScreen.storyboard */; };
		87C9D9721BEC4B9A00A105B2 /* TargetSampleTests.swift in Sources */ = {isa = PBXBuildFile; fileRef = 87C9D9711BEC4B9A00A105B2 /* TargetSampleTests.swift */; };
		87C9D97D1BEC4B9A00A105B2 /* TargetSampleUITests.swift in Sources */ = {isa = PBXBuildFile; fileRef = 87C9D97C1BEC4B9A00A105B2 /* TargetSampleUITests.swift */; };
/* End PBXBuildFile section */

/* Begin PBXContainerItemProxy section */
		87C9D96E1BEC4B9A00A105B2 /* PBXContainerItemProxy */ = {
			isa = PBXContainerItemProxy;
			containerPortal = 87C9D9511BEC4B9A00A105B2 /* Project object */;
			proxyType = 1;
			remoteGlobalIDString = 87C9D9581BEC4B9A00A105B2;
			remoteInfo = TargetSample;
		};
		87C9D9791BEC4B9A00A105B2 /* PBXContainerItemProxy */ = {
			isa = PBXContainerItemProxy;
			containerPortal = 87C9D9511BEC4B9A00A105B2 /* Project object */;
			proxyType = 1;
			remoteGlobalIDString = 87C9D9581BEC4B9A00A105B2;
			remoteInfo = TargetSample;
		};
/* End PBXContainerItemProxy section */

/* Begin PBXFileReference section */
		87C9D9591BEC4B9A00A105B2 /* TargetSample.app */ = {isa = PBXFileReference; explicitFileType = wrapper.application; includeInIndex = 0; path = TargetSample.app; sourceTree = BUILT_PRODUCTS_DIR; };
		87C9D95C1BEC4B9A00A105B2 /* AppDelegate.swift */ = {isa = PBXFileReference; lastKnownFileType = sourcecode.swift; path = AppDelegate.swift; sourceTree = "<group>"; };
		87C9D95E1BEC4B9A00A105B2 /* ViewController.swift */ = {isa = PBXFileReference; lastKnownFileType = sourcecode.swift; path = ViewController.swift; sourceTree = "<group>"; };
		87C9D9611BEC4B9A00A105B2 /* Base */ = {isa = PBXFileReference; lastKnownFileType = file.storyboard; name = Base; path = Base.lproj/Main.storyboard; sourceTree = "<group>"; };
		87C9D9631BEC4B9A00A105B2 /* Assets.xcassets */ = {isa = PBXFileReference; lastKnownFileType = folder.assetcatalog; path = Assets.xcassets; sourceTree = "<group>"; };
		87C9D9661BEC4B9A00A105B2 /* Base */ = {isa = PBXFileReference; lastKnownFileType = file.storyboard; name = Base; path = Base.lproj/LaunchScreen.storyboard; sourceTree = "<group>"; };
		87C9D9681BEC4B9A00A105B2 /* Info.plist */ = {isa = PBXFileReference; lastKnownFileType = text.plist.xml; path = Info.plist; sourceTree = "<group>"; };
		87C9D96D1BEC4B9A00A105B2 /* TargetSampleTests.xctest */ = {isa = PBXFileReference; explicitFileType = wrapper.cfbundle; includeInIndex = 0; path = TargetSampleTests.xctest; sourceTree = BUILT_PRODUCTS_DIR; };
		87C9D9711BEC4B9A00A105B2 /* TargetSampleTests.swift */ = {isa = PBXFileReference; lastKnownFileType = sourcecode.swift; path = TargetSampleTests.swift; sourceTree = "<group>"; };
		87C9D9731BEC4B9A00A105B2 /* Info.plist */ = {isa = PBXFileReference; lastKnownFileType = text.plist.xml; path = Info.plist; sourceTree = "<group>"; };
		87C9D9781BEC4B9A00A105B2 /* TargetSampleUITests.xctest */ = {isa = PBXFileReference; explicitFileType = wrapper.cfbundle; includeInIndex = 0; path = TargetSampleUITests.xctest; sourceTree = BUILT_PRODUCTS_DIR; };
		87C9D97C1BEC4B9A00A105B2 /* TargetSampleUITests.swift */ = {isa = PBXFileReference; lastKnownFileType = sourcecode.swift; path = TargetSampleUITests.swift; sourceTree = "<group>"; };
		87C9D97E1BEC4B9A00A105B2 /* Info.plist */ = {isa = PBXFileReference; lastKnownFileType = text.plist.xml; path = Info.plist; sourceTree = "<group>"; };
/* End PBXFileReference section */

/* Begin PBXFrameworksBuildPhase section */
		87C9D9561BEC4B9A00A105B2 /* Frameworks */ = {
			isa = PBXFrameworksBuildPhase;
			buildActionMask = 2147483647;
			files = (
			);
			runOnlyForDeploymentPostprocessing = 0;
		};
		87C9D96A1BEC4B9A00A105B2 /* Frameworks */ = {
			isa = PBXFrameworksBuildPhase;
			buildActionMask = 2147483647;
			files = (
			);
			runOnlyForDeploymentPostprocessing = 0;
		};
		87C9D9751BEC4B9A00A105B2 /* Frameworks */ = {
			isa = PBXFrameworksBuildPhase;
			buildActionMask = 2147483647;
			files = (
			);
			runOnlyForDeploymentPostprocessing = 0;
		};
/* End PBXFrameworksBuildPhase section */

/* Begin PBXGroup section */
		87C9D9501BEC4B9A00A105B2 = {
			isa = PBXGroup;
			children = (
				87C9D95B1BEC4B9A00A105B2 /* TargetSample */,
				87C9D9701BEC4B9A00A105B2 /* TargetSampleTests */,
				87C9D97B1BEC4B9A00A105B2 /* TargetSampleUITests */,
				87C9D95A1BEC4B9A00A105B2 /* Products */,
			);
			sourceTree = "<group>";
		};
		87C9D95A1BEC4B9A00A105B2 /* Products */ = {
			isa = PBXGroup;
			children = (
				87C9D9591BEC4B9A00A105B2 /* TargetSample.app */,
				87C9D96D1BEC4B9A00A105B2 /* TargetSampleTests.xctest */,
				87C9D9781BEC4B9A00A105B2 /* TargetSampleUITests.xctest */,
			);
			name = Products;
			sourceTree = "<group>";
		};
		87C9D95B1BEC4B9A00A105B2 /* TargetSample */ = {
			isa = PBXGroup;
			children = (
				87C9D95C1BEC4B9A00A105B2 /* AppDelegate.swift */,
				87C9D95E1BEC4B9A00A105B2 /* ViewController.swift */,
				87C9D9601BEC4B9A00A105B2 /* Main.storyboard */,
				87C9D9631BEC4B9A00A105B2 /* Assets.xcassets */,
				87C9D9651BEC4B9A00A105B2 /* LaunchScreen.storyboard */,
				87C9D9681BEC4B9A00A105B2 /* Info.plist */,
			);
			path = TargetSample;
			sourceTree = "<group>";
		};
		87C9D9701BEC4B9A00A105B2 /* TargetSampleTests */ = {
			isa = PBXGroup;
			children = (
				87C9D9711BEC4B9A00A105B2 /* TargetSampleTests.swift */,
				87C9D9731BEC4B9A00A105B2 /* Info.plist */,
			);
			path = TargetSampleTests;
			sourceTree = "<group>";
		};
		87C9D97B1BEC4B9A00A105B2 /* TargetSampleUITests */ = {
			isa = PBXGroup;
			children = (
				87C9D97C1BEC4B9A00A105B2 /* TargetSampleUITests.swift */,
				87C9D97E1BEC4B9A00A105B2 /* Info.plist */,
			);
			path = TargetSampleUITests;
			sourceTree = "<group>";
		};
/* End PBXGroup section */

/* Begin PBXNativeTarget section */
		87C9D9581BEC4B9A00A105B2 /* TargetSample */ = {
			isa = PBXNativeTarget;
			buildConfigurationList = 87C9D9811BEC4B9A00A105B2 /* Build configuration list for PBXNativeTarget "TargetSample" */;
			buildPhases = (
				87C9D9551BEC4B9A00A105B2 /* Sources */,
				87C9D9561BEC4B9A00A105B2 /* Frameworks */,
				87C9D9571BEC4B9A00A105B2 /* Resources */,
			);
			buildRules = (
			);
			dependencies = (
			);
			name = TargetSample;
			productName = TargetSample;
			productReference = 87C9D9591BEC4B9A00A105B2 /* TargetSample.app */;
			productType = "com.apple.product-type.application";
		};
		87C9D96C1BEC4B9A00A105B2 /* TargetSampleTests */ = {
			isa = PBXNativeTarget;
			buildConfigurationList = 87C9D9841BEC4B9A00A105B2 /* Build configuration list for PBXNativeTarget "TargetSampleTests" */;
			buildPhases = (
				87C9D9691BEC4B9A00A105B2 /* Sources */,
				87C9D96A1BEC4B9A00A105B2 /* Frameworks */,
				87C9D96B1BEC4B9A00A105B2 /* Resources */,
			);
			buildRules = (
			);
			dependencies = (
				87C9D96F1BEC4B9A00A105B2 /* PBXTargetDependency */,
			);
			name = TargetSampleTests;
			productName = TargetSampleTests;
			productReference = 87C9D96D1BEC4B9A00A105B2 /* TargetSampleTests.xctest */;
			productType = "com.apple.product-type.bundle.unit-test";
		};
		87C9D9771BEC4B9A00A105B2 /* TargetSampleUITests */ = {
			isa = PBXNativeTarget;
			buildConfigurationList = 87C9D9871BEC4B9A00A105B2 /* Build configuration list for PBXNativeTarget "TargetSampleUITests" */;
			buildPhases = (
				87C9D9741BEC4B9A00A105B2 /* Sources */,
				87C9D9751BEC4B9A00A105B2 /* Frameworks */,
				87C9D9761BEC4B9A00A105B2 /* Resources */,
			);
			buildRules = (
			);
			dependencies = (
				87C9D97A1BEC4B9A00A105B2 /* PBXTargetDependency */,
			);
			name = TargetSampleUITests;
			productName = TargetSampleUITests;
			productReference = 87C9D9781BEC4B9A00A105B2 /* TargetSampleUITests.xctest */;
			productType = "com.apple.product-type.bundle.ui-testing";
		};
/* End PBXNativeTarget section */

/* Begin PBXProject section */
		87C9D9511BEC4B9A00A105B2 /* Project object */ = {
			isa = PBXProject;
			attributes = {
				LastSwiftUpdateCheck = 0710;
				LastUpgradeCheck = 0710;
				ORGANIZATIONNAME = ikedasouichirou;
				TargetAttributes = {
					87C9D9581BEC4B9A00A105B2 = {
						CreatedOnToolsVersion = 7.1;
					};
					87C9D96C1BEC4B9A00A105B2 = {
						CreatedOnToolsVersion = 7.1;
						TestTargetID = 87C9D9581BEC4B9A00A105B2;
					};
					87C9D9771BEC4B9A00A105B2 = {
						CreatedOnToolsVersion = 7.1;
						TestTargetID = 87C9D9581BEC4B9A00A105B2;
					};
				};
			};
			buildConfigurationList = 87C9D9541BEC4B9A00A105B2 /* Build configuration list for PBXProject "TargetSample" */;
			compatibilityVersion = "Xcode 3.2";
			developmentRegion = English;
			hasScannedForEncodings = 0;
			knownRegions = (
				en,
				Base,
			);
			mainGroup = 87C9D9501BEC4B9A00A105B2;
			productRefGroup = 87C9D95A1BEC4B9A00A105B2 /* Products */;
			projectDirPath = "";
			projectRoot = "";
			targets = (
				87C9D9581BEC4B9A00A105B2 /* TargetSample */,
				87C9D96C1BEC4B9A00A105B2 /* TargetSampleTests */,
				87C9D9771BEC4B9A00A105B2 /* TargetSampleUITests */,
			);
		};
/* End PBXProject section */

/* Begin PBXResourcesBuildPhase section */
		87C9D9571BEC4B9A00A105B2 /* Resources */ = {
			isa = PBXResourcesBuildPhase;
			buildActionMask = 2147483647;
			files = (
				87C9D9671BEC4B9A00A105B2 /* LaunchScreen.storyboard in Resources */,
				87C9D9641BEC4B9A00A105B2 /* Assets.xcassets in Resources */,
				87C9D9621BEC4B9A00A105B2 /* Main.storyboard in Resources */,
			);
			runOnlyForDeploymentPostprocessing = 0;
		};
		87C9D96B1BEC4B9A00A105B2 /* Resources */ = {
			isa = PBXResourcesBuildPhase;
			buildActionMask = 2147483647;
			files = (
			);
			runOnlyForDeploymentPostprocessing = 0;
		};
		87C9D9761BEC4B9A00A105B2 /* Resources */ = {
			isa = PBXResourcesBuildPhase;
			buildActionMask = 2147483647;
			files = (
			);
			runOnlyForDeploymentPostprocessing = 0;
		};
/* End PBXResourcesBuildPhase section */

/* Begin PBXSourcesBuildPhase section */
		87C9D9551BEC4B9A00A105B2 /* Sources */ = {
			isa = PBXSourcesBuildPhase;
			buildActionMask = 2147483647;
			files = (
				87C9D95F1BEC4B9A00A105B2 /* ViewController.swift in Sources */,
				87C9D95D1BEC4B9A00A105B2 /* AppDelegate.swift in Sources */,
			);
			runOnlyForDeploymentPostprocessing = 0;
		};
		87C9D9691BEC4B9A00A105B2 /* Sources */ = {
			isa = PBXSourcesBuildPhase;
			buildActionMask = 2147483647;
			files = (
				87C9D9721BEC4B9A00A105B2 /* TargetSampleTests.swift in Sources */,
			);
			runOnlyForDeploymentPostprocessing = 0;
		};
		87C9D9741BEC4B9A00A105B2 /* Sources */ = {
			isa = PBXSourcesBuildPhase;
			buildActionMask = 2147483647;
			files = (
				87C9D97D1BEC4B9A00A105B2 /* TargetSampleUITests.swift in Sources */,
			);
			runOnlyForDeploymentPostprocessing = 0;
		};
/* End PBXSourcesBuildPhase section */

/* Begin PBXTargetDependency section */
		87C9D96F1BEC4B9A00A105B2 /* PBXTargetDependency */ = {
			isa = PBXTargetDependency;
			target = 87C9D9581BEC4B9A00A105B2 /* TargetSample */;
			targetProxy = 87C9D96E1BEC4B9A00A105B2 /* PBXContainerItemProxy */;
		};
		87C9D97A1BEC4B9A00A105B2 /* PBXTargetDependency */ = {
			isa = PBXTargetDependency;
			target = 87C9D9581BEC4B9A00A105B2 /* TargetSample */;
			targetProxy = 87C9D9791BEC4B9A00A105B2 /* PBXContainerItemProxy */;
		};
/* End PBXTargetDependency section */

/* Begin PBXVariantGroup section */
		87C9D9601BEC4B9A00A105B2 /* Main.storyboard */ = {
			isa = PBXVariantGroup;
			children = (
				87C9D9611BEC4B9A00A105B2 /* Base */,
			);
			name = Main.storyboard;
			sourceTree = "<group>";
		};
		87C9D9651BEC4B9A00A105B2 /* LaunchScreen.storyboard */ = {
			isa = PBXVariantGroup;
			children = (
				87C9D9661BEC4B9A00A105B2 /* Base */,
			);
			name = LaunchScreen.storyboard;
			sourceTree = "<group>";
		};
/* End PBXVariantGroup section */

/* Begin XCBuildConfiguration section */
		87C9D97F1BEC4B9A00A105B2 /* Debug */ = {
			isa = XCBuildConfiguration;
			buildSettings = {
				ALWAYS_SEARCH_USER_PATHS = NO;
				CLANG_CXX_LANGUAGE_STANDARD = "gnu++0x";
				CLANG_CXX_LIBRARY = "libc++";
				CLANG_ENABLE_MODULES = YES;
				CLANG_ENABLE_OBJC_ARC = YES;
				CLANG_WARN_BOOL_CONVERSION = YES;
				CLANG_WARN_CONSTANT_CONVERSION = YES;
				CLANG_WARN_DIRECT_OBJC_ISA_USAGE = YES_ERROR;
				CLANG_WARN_EMPTY_BODY = YES;
				CLANG_WARN_ENUM_CONVERSION = YES;
				CLANG_WARN_INT_CONVERSION = YES;
				CLANG_WARN_OBJC_ROOT_CLASS = YES_ERROR;
				CLANG_WARN_UNREACHABLE_CODE = YES;
				CLANG_WARN__DUPLICATE_METHOD_MATCH = YES;
				"CODE_SIGN_IDENTITY[sdk=iphoneos*]" = "iPhone Developer";
				COPY_PHASE_STRIP = NO;
				DEBUG_INFORMATION_FORMAT = dwarf;
				ENABLE_STRICT_OBJC_MSGSEND = YES;
				ENABLE_TESTABILITY = YES;
				GCC_C_LANGUAGE_STANDARD = gnu99;
				GCC_DYNAMIC_NO_PIC = NO;
				GCC_NO_COMMON_BLOCKS = YES;
				GCC_OPTIMIZATION_LEVEL = 0;
				GCC_PREPROCESSOR_DEFINITIONS = (
					"DEBUG=1",
					"$(inherited)",
				);
				GCC_WARN_64_TO_32_BIT_CONVERSION = YES;
				GCC_WARN_ABOUT_RETURN_TYPE = YES_ERROR;
				GCC_WARN_UNDECLARED_SELECTOR = YES;
				GCC_WARN_UNINITIALIZED_AUTOS = YES_AGGRESSIVE;
				GCC_WARN_UNUSED_FUNCTION = YES;
				GCC_WARN_UNUSED_VARIABLE = YES;
				IPHONEOS_DEPLOYMENT_TARGET = 9.1;
				MTL_ENABLE_DEBUG_INFO = YES;
				ONLY_ACTIVE_ARCH = YES;
				SDKROOT = iphoneos;
				SWIFT_OPTIMIZATION_LEVEL = "-Onone";
				TARGETED_DEVICE_FAMILY = "1,2";
			};
			name = Debug;
		};
		87C9D9801BEC4B9A00A105B2 /* Release */ = {
			isa = XCBuildConfiguration;
			buildSettings = {
				ALWAYS_SEARCH_USER_PATHS = NO;
				CLANG_CXX_LANGUAGE_STANDARD = "gnu++0x";
				CLANG_CXX_LIBRARY = "libc++";
				CLANG_ENABLE_MODULES = YES;
				CLANG_ENABLE_OBJC_ARC = YES;
				CLANG_WARN_BOOL_CONVERSION = YES;
				CLANG_WARN_CONSTANT_CONVERSION = YES;
				CLANG_WARN_DIRECT_OBJC_ISA_USAGE = YES_ERROR;
				CLANG_WARN_EMPTY_BODY = YES;
				CLANG_WARN_ENUM_CONVERSION = YES;
				CLANG_WARN_INT_CONVERSION = YES;
				CLANG_WARN_OBJC_ROOT_CLASS = YES_ERROR;
				CLANG_WARN_UNREACHABLE_CODE = YES;
				CLANG_WARN__DUPLICATE_METHOD_MATCH = YES;
				"CODE_SIGN_IDENTITY[sdk=iphoneos*]" = "iPhone Developer";
				COPY_PHASE_STRIP = NO;
				DEBUG_INFORMATION_FORMAT = "dwarf-with-dsym";
				ENABLE_NS_ASSERTIONS = NO;
				ENABLE_STRICT_OBJC_MSGSEND = YES;
				GCC_C_LANGUAGE_STANDARD = gnu99;
				GCC_NO_COMMON_BLOCKS = YES;
				GCC_WARN_64_TO_32_BIT_CONVERSION = YES;
				GCC_WARN_ABOUT_RETURN_TYPE = YES_ERROR;
				GCC_WARN_UNDECLARED_SELECTOR = YES;
				GCC_WARN_UNINITIALIZED_AUTOS = YES_AGGRESSIVE;
				GCC_WARN_UNUSED_FUNCTION = YES;
				GCC_WARN_UNUSED_VARIABLE = YES;
				IPHONEOS_DEPLOYMENT_TARGET = 9.1;
				MTL_ENABLE_DEBUG_INFO = NO;
				SDKROOT = iphoneos;
				TARGETED_DEVICE_FAMILY = "1,2";
				VALIDATE_PRODUCT = YES;
			};
			name = Release;
		};
		87C9D9821BEC4B9A00A105B2 /* Debug */ = {
			isa = XCBuildConfiguration;
			buildSettings = {
				ASSETCATALOG_COMPILER_APPICON_NAME = AppIcon;
				INFOPLIST_FILE = TargetSample/Info.plist;
				LD_RUNPATH_SEARCH_PATHS = "$(inherited) @executable_path/Frameworks";
				PRODUCT_BUNDLE_IDENTIFIER = sample.TargetSample;
				PRODUCT_NAME = "$(TARGET_NAME)";
			};
			name = Debug;
		};
		87C9D9831BEC4B9A00A105B2 /* Release */ = {
			isa = XCBuildConfiguration;
			buildSettings = {
				ASSETCATALOG_COMPILER_APPICON_NAME = AppIcon;
				INFOPLIST_FILE = TargetSample/Info.plist;
				LD_RUNPATH_SEARCH_PATHS = "$(inherited) @executable_path/Frameworks";
				PRODUCT_BUNDLE_IDENTIFIER = sample.TargetSample;
				PRODUCT_NAME = "$(TARGET_NAME)";
			};
			name = Release;
		};
		87C9D9851BEC4B9A00A105B2 /* Debug */ = {
			isa = XCBuildConfiguration;
			buildSettings = {
				BUNDLE_LOADER = "$(TEST_HOST)";
				INFOPLIST_FILE = TargetSampleTests/Info.plist;
				LD_RUNPATH_SEARCH_PATHS = "$(inherited) @executable_path/Frameworks @loader_path/Frameworks";
				PRODUCT_BUNDLE_IDENTIFIER = sample.TargetSampleTests;
				PRODUCT_NAME = "$(TARGET_NAME)";
				TEST_HOST = "$(BUILT_PRODUCTS_DIR)/TargetSample.app/TargetSample";
			};
			name = Debug;
		};
		87C9D9861BEC4B9A00A105B2 /* Release */ = {
			isa = XCBuildConfiguration;
			buildSettings = {
				BUNDLE_LOADER = "$(TEST_HOST)";
				INFOPLIST_FILE = TargetSampleTests/Info.plist;
				LD_RUNPATH_SEARCH_PATHS = "$(inherited) @executable_path/Frameworks @loader_path/Frameworks";
				PRODUCT_BUNDLE_IDENTIFIER = sample.TargetSampleTests;
				PRODUCT_NAME = "$(TARGET_NAME)";
				TEST_HOST = "$(BUILT_PRODUCTS_DIR)/TargetSample.app/TargetSample";
			};
			name = Release;
		};
		87C9D9881BEC4B9A00A105B2 /* Debug */ = {
			isa = XCBuildConfiguration;
			buildSettings = {
				INFOPLIST_FILE = TargetSampleUITests/Info.plist;
				LD_RUNPATH_SEARCH_PATHS = "$(inherited) @executable_path/Frameworks @loader_path/Frameworks";
				PRODUCT_BUNDLE_IDENTIFIER = sample.TargetSampleUITests;
				PRODUCT_NAME = "$(TARGET_NAME)";
				TEST_TARGET_NAME = TargetSample;
				USES_XCTRUNNER = YES;
			};
			name = Debug;
		};
		87C9D9891BEC4B9A00A105B2 /* Release */ = {
			isa = XCBuildConfiguration;
			buildSettings = {
				INFOPLIST_FILE = TargetSampleUITests/Info.plist;
				LD_RUNPATH_SEARCH_PATHS = "$(inherited) @executable_path/Frameworks @loader_path/Frameworks";
				PRODUCT_BUNDLE_IDENTIFIER = sample.TargetSampleUITests;
				PRODUCT_NAME = "$(TARGET_NAME)";
				TEST_TARGET_NAME = TargetSample;
				USES_XCTRUNNER = YES;
			};
			name = Release;
		};
/* End XCBuildConfiguration section */

/* Begin XCConfigurationList section */
		87C9D9541BEC4B9A00A105B2 /* Build configuration list for PBXProject "TargetSample" */ = {
			isa = XCConfigurationList;
			buildConfigurations = (
				87C9D97F1BEC4B9A00A105B2 /* Debug */,
				87C9D9801BEC4B9A00A105B2 /* Release */,
			);
			defaultConfigurationIsVisible = 0;
			defaultConfigurationName = Release;
		};
		87C9D9811BEC4B9A00A105B2 /* Build configuration list for PBXNativeTarget "TargetSample" */ = {
			isa = XCConfigurationList;
			buildConfigurations = (
				87C9D9821BEC4B9A00A105B2 /* Debug */,
				87C9D9831BEC4B9A00A105B2 /* Release */,
			);
			defaultConfigurationIsVisible = 0;
		};
		87C9D9841BEC4B9A00A105B2 /* Build configuration list for PBXNativeTarget "TargetSampleTests" */ = {
			isa = XCConfigurationList;
			buildConfigurations = (
				87C9D9851BEC4B9A00A105B2 /* Debug */,
				87C9D9861BEC4B9A00A105B2 /* Release */,
			);
			defaultConfigurationIsVisible = 0;
		};
		87C9D9871BEC4B9A00A105B2 /* Build configuration list for PBXNativeTarget "TargetSampleUITests" */ = {
			isa = XCConfigurationList;
			buildConfigurations = (
				87C9D9881BEC4B9A00A105B2 /* Debug */,
				87C9D9891BEC4B9A00A105B2 /* Release */,
			);
			defaultConfigurationIsVisible = 0;
		};
/* End XCConfigurationList section */
	};
	rootObject = 87C9D9511BEC4B9A00A105B2 /* Project object */;
}
